// !$*UTF8*$!
{
	archiveVersion = 1;
	classes = {
	};
	objectVersion = 55;
	objects = {

/* Begin PBXBuildFile section */
		69053600289074AA00F7806F /* MeshVisualizerApp.swift in Sources */ = {isa = PBXBuildFile; fileRef = 690535FF289074AA00F7806F /* MeshVisualizerApp.swift */; };
		69053602289074AA00F7806F /* ContentView.swift in Sources */ = {isa = PBXBuildFile; fileRef = 69053601289074AA00F7806F /* ContentView.swift */; };
		69053604289074AC00F7806F /* Assets.xcassets in Resources */ = {isa = PBXBuildFile; fileRef = 69053603289074AC00F7806F /* Assets.xcassets */; };
		69053607289074AC00F7806F /* Preview Assets.xcassets in Resources */ = {isa = PBXBuildFile; fileRef = 69053606289074AC00F7806F /* Preview Assets.xcassets */; };
		6905360E2890755600F7806F /* Renderer.swift in Sources */ = {isa = PBXBuildFile; fileRef = 6905360D2890755600F7806F /* Renderer.swift */; };
		6905361128907CC000F7806F /* Shaders.metal in Sources */ = {isa = PBXBuildFile; fileRef = 6905361028907CBF00F7806F /* Shaders.metal */; };
		6920D1022895925600495CE0 /* Camera.swift in Sources */ = {isa = PBXBuildFile; fileRef = 6920D1012895925600495CE0 /* Camera.swift */; };
		6920D10428959F6B00495CE0 /* RenderScene.swift in Sources */ = {isa = PBXBuildFile; fileRef = 6920D10328959F6B00495CE0 /* RenderScene.swift */; };
		6920D1062895A03D00495CE0 /* BaseObject3D.swift in Sources */ = {isa = PBXBuildFile; fileRef = 6920D1052895A03D00495CE0 /* BaseObject3D.swift */; };
		6920D1092895A21100495CE0 /* Object3D.swift in Sources */ = {isa = PBXBuildFile; fileRef = 6920D1082895A21100495CE0 /* Object3D.swift */; };
		6922D7C928950B40008F4BCA /* LinearAlgebra.swift in Sources */ = {isa = PBXBuildFile; fileRef = 6922D7C828950B40008F4BCA /* LinearAlgebra.swift */; };
		69ACDB6D289F0A56003D1E09 /* Scenes.swift in Sources */ = {isa = PBXBuildFile; fileRef = 69ACDB6C289F0A56003D1E09 /* Scenes.swift */; };
		69B7B3F2289C4A1C0035DD52 /* AppView.swift in Sources */ = {isa = PBXBuildFile; fileRef = 69B7B3F1289C4A1C0035DD52 /* AppView.swift */; };
		69B7B3F4289C4A4B0035DD52 /* Crate.obj in Resources */ = {isa = PBXBuildFile; fileRef = 69B7B3F3289C4A4B0035DD52 /* Crate.obj */; };
		69B7B3F6289C578F0035DD52 /* Material.swift in Sources */ = {isa = PBXBuildFile; fileRef = 69B7B3F5289C578F0035DD52 /* Material.swift */; };
		69B7B3F8289C59310035DD52 /* Candy.jpg in Resources */ = {isa = PBXBuildFile; fileRef = 69B7B3F7289C59310035DD52 /* Candy.jpg */; };
		69B7B3FA289C5BF30035DD52 /* Noise.jpg in Resources */ = {isa = PBXBuildFile; fileRef = 69B7B3F9289C5BF30035DD52 /* Noise.jpg */; };
		69B7B3FC289C5E590035DD52 /* Crate.jpg in Resources */ = {isa = PBXBuildFile; fileRef = 69B7B3FB289C5E590035DD52 /* Crate.jpg */; };
		69B7B400289C613E0035DD52 /* Circle_Box.obj in Resources */ = {isa = PBXBuildFile; fileRef = 69B7B3FF289C613E0035DD52 /* Circle_Box.obj */; };
		69C58B172896826100AE177F /* Coffee_Cup.obj in Resources */ = {isa = PBXBuildFile; fileRef = 69C58B162896826000AE177F /* Coffee_Cup.obj */; };
		69C58B1A2896838600AE177F /* Mesh.swift in Sources */ = {isa = PBXBuildFile; fileRef = 69C58B192896838600AE177F /* Mesh.swift */; };
		69C58B1C2896913000AE177F /* IronMan.obj in Resources */ = {isa = PBXBuildFile; fileRef = 69C58B1B2896913000AE177F /* IronMan.obj */; };
		69D8E3E6289FF8F40031666D /* Light.swift in Sources */ = {isa = PBXBuildFile; fileRef = 69D8E3E5289FF8F40031666D /* Light.swift */; };
/* End PBXBuildFile section */

/* Begin PBXFileReference section */
		690535FC289074AA00F7806F /* MeshVisualizer.app */ = {isa = PBXFileReference; explicitFileType = wrapper.application; includeInIndex = 0; path = MeshVisualizer.app; sourceTree = BUILT_PRODUCTS_DIR; };
		690535FF289074AA00F7806F /* MeshVisualizerApp.swift */ = {isa = PBXFileReference; lastKnownFileType = sourcecode.swift; path = MeshVisualizerApp.swift; sourceTree = "<group>"; };
		69053601289074AA00F7806F /* ContentView.swift */ = {isa = PBXFileReference; lastKnownFileType = sourcecode.swift; path = ContentView.swift; sourceTree = "<group>"; };
		69053603289074AC00F7806F /* Assets.xcassets */ = {isa = PBXFileReference; lastKnownFileType = folder.assetcatalog; path = Assets.xcassets; sourceTree = "<group>"; };
		69053606289074AC00F7806F /* Preview Assets.xcassets */ = {isa = PBXFileReference; lastKnownFileType = folder.assetcatalog; path = "Preview Assets.xcassets"; sourceTree = "<group>"; };
		6905360D2890755600F7806F /* Renderer.swift */ = {isa = PBXFileReference; lastKnownFileType = sourcecode.swift; path = Renderer.swift; sourceTree = "<group>"; };
		6905360F28907AFA00F7806F /* def.h */ = {isa = PBXFileReference; lastKnownFileType = sourcecode.c.h; path = def.h; sourceTree = "<group>"; };
		6905361028907CBF00F7806F /* Shaders.metal */ = {isa = PBXFileReference; lastKnownFileType = sourcecode.metal; path = Shaders.metal; sourceTree = "<group>"; };
		6920D1012895925600495CE0 /* Camera.swift */ = {isa = PBXFileReference; lastKnownFileType = sourcecode.swift; path = Camera.swift; sourceTree = "<group>"; };
		6920D10328959F6B00495CE0 /* RenderScene.swift */ = {isa = PBXFileReference; lastKnownFileType = sourcecode.swift; path = RenderScene.swift; sourceTree = "<group>"; };
		6920D1052895A03D00495CE0 /* BaseObject3D.swift */ = {isa = PBXFileReference; lastKnownFileType = sourcecode.swift; path = BaseObject3D.swift; sourceTree = "<group>"; };
		6920D1082895A21100495CE0 /* Object3D.swift */ = {isa = PBXFileReference; lastKnownFileType = sourcecode.swift; path = Object3D.swift; sourceTree = "<group>"; };
		6922D7C828950B40008F4BCA /* LinearAlgebra.swift */ = {isa = PBXFileReference; lastKnownFileType = sourcecode.swift; path = LinearAlgebra.swift; sourceTree = "<group>"; };
		69ACDB6C289F0A56003D1E09 /* Scenes.swift */ = {isa = PBXFileReference; lastKnownFileType = sourcecode.swift; path = Scenes.swift; sourceTree = "<group>"; };
		69ACDB70289F120C003D1E09 /* MeshVisualizer.entitlements */ = {isa = PBXFileReference; lastKnownFileType = text.plist.entitlements; path = MeshVisualizer.entitlements; sourceTree = "<group>"; };
		69B7B3F1289C4A1C0035DD52 /* AppView.swift */ = {isa = PBXFileReference; fileEncoding = 4; lastKnownFileType = sourcecode.swift; path = AppView.swift; sourceTree = "<group>"; };
		69B7B3F3289C4A4B0035DD52 /* Crate.obj */ = {isa = PBXFileReference; fileEncoding = 4; lastKnownFileType = text; path = Crate.obj; sourceTree = "<group>"; };
		69B7B3F5289C578F0035DD52 /* Material.swift */ = {isa = PBXFileReference; fileEncoding = 4; lastKnownFileType = sourcecode.swift; path = Material.swift; sourceTree = "<group>"; };
		69B7B3F7289C59310035DD52 /* Candy.jpg */ = {isa = PBXFileReference; lastKnownFileType = image.jpeg; path = Candy.jpg; sourceTree = "<group>"; };
		69B7B3F9289C5BF30035DD52 /* Noise.jpg */ = {isa = PBXFileReference; lastKnownFileType = image.jpeg; path = Noise.jpg; sourceTree = "<group>"; };
		69B7B3FB289C5E590035DD52 /* Crate.jpg */ = {isa = PBXFileReference; lastKnownFileType = image.jpeg; path = Crate.jpg; sourceTree = "<group>"; };
		69B7B3FF289C613E0035DD52 /* Circle_Box.obj */ = {isa = PBXFileReference; fileEncoding = 4; lastKnownFileType = text; path = Circle_Box.obj; sourceTree = "<group>"; };
		69C58B162896826000AE177F /* Coffee_Cup.obj */ = {isa = PBXFileReference; fileEncoding = 4; lastKnownFileType = text; path = Coffee_Cup.obj; sourceTree = "<group>"; };
		69C58B192896838600AE177F /* Mesh.swift */ = {isa = PBXFileReference; lastKnownFileType = sourcecode.swift; path = Mesh.swift; sourceTree = "<group>"; };
		69C58B1B2896913000AE177F /* IronMan.obj */ = {isa = PBXFileReference; fileEncoding = 4; lastKnownFileType = text; path = IronMan.obj; sourceTree = "<group>"; };
		69D8E3E5289FF8F40031666D /* Light.swift */ = {isa = PBXFileReference; lastKnownFileType = sourcecode.swift; path = Light.swift; sourceTree = "<group>"; };
/* End PBXFileReference section */

/* Begin PBXFrameworksBuildPhase section */
		690535F9289074AA00F7806F /* Frameworks */ = {
			isa = PBXFrameworksBuildPhase;
			buildActionMask = 2147483647;
			files = (
			);
			runOnlyForDeploymentPostprocessing = 0;
		};
/* End PBXFrameworksBuildPhase section */

/* Begin PBXGroup section */
		690535F3289074AA00F7806F = {
			isa = PBXGroup;
			children = (
				69ACDB70289F120C003D1E09 /* MeshVisualizer.entitlements */,
				690535FE289074AA00F7806F /* MeshVisualizer */,
				690535FD289074AA00F7806F /* Products */,
			);
			sourceTree = "<group>";
		};
		690535FD289074AA00F7806F /* Products */ = {
			isa = PBXGroup;
			children = (
				690535FC289074AA00F7806F /* MeshVisualizer.app */,
			);
			name = Products;
			sourceTree = "<group>";
		};
		690535FE289074AA00F7806F /* MeshVisualizer */ = {
			isa = PBXGroup;
			children = (
				69ACDB6B289F0A41003D1E09 /* Scenes */,
				692D0EDB2896BB27004E0D08 /* Include */,
				69C58B18289682FC00AE177F /* ModelAssets */,
				6905361028907CBF00F7806F /* Shaders.metal */,
				69053603289074AC00F7806F /* Assets.xcassets */,
				69053605289074AC00F7806F /* Preview Content */,
				6920D10B2895A2BC00495CE0 /* Maths */,
				6920D10A2895A2A900495CE0 /* View */,
				6920D1072895A1E000495CE0 /* Objects */,
				690535FF289074AA00F7806F /* MeshVisualizerApp.swift */,
			);
			path = MeshVisualizer;
			sourceTree = "<group>";
		};
		69053605289074AC00F7806F /* Preview Content */ = {
			isa = PBXGroup;
			children = (
				69053606289074AC00F7806F /* Preview Assets.xcassets */,
			);
			path = "Preview Content";
			sourceTree = "<group>";
		};
		6920D1072895A1E000495CE0 /* Objects */ = {
			isa = PBXGroup;
			children = (
				6920D1012895925600495CE0 /* Camera.swift */,
				6920D1052895A03D00495CE0 /* BaseObject3D.swift */,
				6920D1082895A21100495CE0 /* Object3D.swift */,
				69D8E3E5289FF8F40031666D /* Light.swift */,
			);
			path = Objects;
			sourceTree = "<group>";
		};
		6920D10A2895A2A900495CE0 /* View */ = {
			isa = PBXGroup;
			children = (
				69B7B3F1289C4A1C0035DD52 /* AppView.swift */,
				69053601289074AA00F7806F /* ContentView.swift */,
				69B7B3F5289C578F0035DD52 /* Material.swift */,
				69C58B192896838600AE177F /* Mesh.swift */,
				6905360D2890755600F7806F /* Renderer.swift */,
				6920D10328959F6B00495CE0 /* RenderScene.swift */,
			);
			path = View;
			sourceTree = "<group>";
		};
		6920D10B2895A2BC00495CE0 /* Maths */ = {
			isa = PBXGroup;
			children = (
				6922D7C828950B40008F4BCA /* LinearAlgebra.swift */,
			);
			path = Maths;
			sourceTree = "<group>";
		};
		692D0EDB2896BB27004E0D08 /* Include */ = {
			isa = PBXGroup;
			children = (
				6905360F28907AFA00F7806F /* def.h */,
			);
			path = Include;
			sourceTree = "<group>";
		};
		69ACDB6B289F0A41003D1E09 /* Scenes */ = {
			isa = PBXGroup;
			children = (
				69ACDB6C289F0A56003D1E09 /* Scenes.swift */,
			);
			path = Scenes;
			sourceTree = "<group>";
		};
		69B7B3FD289C5E7D0035DD52 /* Textures */ = {
			isa = PBXGroup;
			children = (
				69B7B3F7289C59310035DD52 /* Candy.jpg */,
				69B7B3FB289C5E590035DD52 /* Crate.jpg */,
				69B7B3F9289C5BF30035DD52 /* Noise.jpg */,
			);
			path = Textures;
			sourceTree = "<group>";
		};
		69B7B3FE289C5E830035DD52 /* Objects */ = {
			isa = PBXGroup;
			children = (
				69B7B3FF289C613E0035DD52 /* Circle_Box.obj */,
				69B7B3F3289C4A4B0035DD52 /* Crate.obj */,
				69C58B162896826000AE177F /* Coffee_Cup.obj */,
				69C58B1B2896913000AE177F /* IronMan.obj */,
			);
			path = Objects;
			sourceTree = "<group>";
		};
		69C58B18289682FC00AE177F /* ModelAssets */ = {
			isa = PBXGroup;
			children = (
				69B7B3FE289C5E830035DD52 /* Objects */,
				69B7B3FD289C5E7D0035DD52 /* Textures */,
			);
			path = ModelAssets;
			sourceTree = "<group>";
		};
/* End PBXGroup section */

/* Begin PBXNativeTarget section */
		690535FB289074AA00F7806F /* MeshVisualizer */ = {
			isa = PBXNativeTarget;
			buildConfigurationList = 6905360A289074AC00F7806F /* Build configuration list for PBXNativeTarget "MeshVisualizer" */;
			buildPhases = (
				690535F8289074AA00F7806F /* Sources */,
				690535F9289074AA00F7806F /* Frameworks */,
				690535FA289074AA00F7806F /* Resources */,
			);
			buildRules = (
			);
			dependencies = (
			);
			name = MeshVisualizer;
			productName = MetalTest;
			productReference = 690535FC289074AA00F7806F /* MeshVisualizer.app */;
			productType = "com.apple.product-type.application";
		};
/* End PBXNativeTarget section */

/* Begin PBXProject section */
		690535F4289074AA00F7806F /* Project object */ = {
			isa = PBXProject;
			attributes = {
				BuildIndependentTargetsInParallel = 1;
				LastSwiftUpdateCheck = 1340;
				LastUpgradeCheck = 1340;
				TargetAttributes = {
					690535FB289074AA00F7806F = {
						CreatedOnToolsVersion = 13.4.1;
					};
				};
			};
			buildConfigurationList = 690535F7289074AA00F7806F /* Build configuration list for PBXProject "MeshVisualizer" */;
			compatibilityVersion = "Xcode 13.0";
			developmentRegion = en;
			hasScannedForEncodings = 0;
			knownRegions = (
				en,
				Base,
			);
			mainGroup = 690535F3289074AA00F7806F;
			productRefGroup = 690535FD289074AA00F7806F /* Products */;
			projectDirPath = "";
			projectRoot = "";
			targets = (
				690535FB289074AA00F7806F /* MeshVisualizer */,
			);
		};
/* End PBXProject section */

/* Begin PBXResourcesBuildPhase section */
		690535FA289074AA00F7806F /* Resources */ = {
			isa = PBXResourcesBuildPhase;
			buildActionMask = 2147483647;
			files = (
				69B7B3F4289C4A4B0035DD52 /* Crate.obj in Resources */,
				69B7B3FA289C5BF30035DD52 /* Noise.jpg in Resources */,
				69C58B1C2896913000AE177F /* IronMan.obj in Resources */,
				69053607289074AC00F7806F /* Preview Assets.xcassets in Resources */,
				69B7B400289C613E0035DD52 /* Circle_Box.obj in Resources */,
				69053604289074AC00F7806F /* Assets.xcassets in Resources */,
				69C58B172896826100AE177F /* Coffee_Cup.obj in Resources */,
				69B7B3F8289C59310035DD52 /* Candy.jpg in Resources */,
				69B7B3FC289C5E590035DD52 /* Crate.jpg in Resources */,
			);
			runOnlyForDeploymentPostprocessing = 0;
		};
/* End PBXResourcesBuildPhase section */

/* Begin PBXSourcesBuildPhase section */
		690535F8289074AA00F7806F /* Sources */ = {
			isa = PBXSourcesBuildPhase;
			buildActionMask = 2147483647;
			files = (
				69ACDB6D289F0A56003D1E09 /* Scenes.swift in Sources */,
				6905361128907CC000F7806F /* Shaders.metal in Sources */,
				69C58B1A2896838600AE177F /* Mesh.swift in Sources */,
				69053602289074AA00F7806F /* ContentView.swift in Sources */,
				6920D1022895925600495CE0 /* Camera.swift in Sources */,
				69B7B3F6289C578F0035DD52 /* Material.swift in Sources */,
				69B7B3F2289C4A1C0035DD52 /* AppView.swift in Sources */,
				6920D1092895A21100495CE0 /* Object3D.swift in Sources */,
				6905360E2890755600F7806F /* Renderer.swift in Sources */,
				6920D10428959F6B00495CE0 /* RenderScene.swift in Sources */,
				6920D1062895A03D00495CE0 /* BaseObject3D.swift in Sources */,
				6922D7C928950B40008F4BCA /* LinearAlgebra.swift in Sources */,
				69D8E3E6289FF8F40031666D /* Light.swift in Sources */,
				69053600289074AA00F7806F /* MeshVisualizerApp.swift in Sources */,
			);
			runOnlyForDeploymentPostprocessing = 0;
		};
/* End PBXSourcesBuildPhase section */

/* Begin XCBuildConfiguration section */
		69053608289074AC00F7806F /* Debug */ = {
			isa = XCBuildConfiguration;
			buildSettings = {
				ALWAYS_SEARCH_USER_PATHS = NO;
				CLANG_ANALYZER_NONNULL = YES;
				CLANG_ANALYZER_NUMBER_OBJECT_CONVERSION = YES_AGGRESSIVE;
				CLANG_CXX_LANGUAGE_STANDARD = "gnu++17";
				CLANG_ENABLE_MODULES = YES;
				CLANG_ENABLE_OBJC_ARC = YES;
				CLANG_ENABLE_OBJC_WEAK = YES;
				CLANG_WARN_BLOCK_CAPTURE_AUTORELEASING = YES;
				CLANG_WARN_BOOL_CONVERSION = YES;
				CLANG_WARN_COMMA = YES;
				CLANG_WARN_CONSTANT_CONVERSION = YES;
				CLANG_WARN_DEPRECATED_OBJC_IMPLEMENTATIONS = YES;
				CLANG_WARN_DIRECT_OBJC_ISA_USAGE = YES_ERROR;
				CLANG_WARN_DOCUMENTATION_COMMENTS = YES;
				CLANG_WARN_EMPTY_BODY = YES;
				CLANG_WARN_ENUM_CONVERSION = YES;
				CLANG_WARN_INFINITE_RECURSION = YES;
				CLANG_WARN_INT_CONVERSION = YES;
				CLANG_WARN_NON_LITERAL_NULL_CONVERSION = YES;
				CLANG_WARN_OBJC_IMPLICIT_RETAIN_SELF = YES;
				CLANG_WARN_OBJC_LITERAL_CONVERSION = YES;
				CLANG_WARN_OBJC_ROOT_CLASS = YES_ERROR;
				CLANG_WARN_QUOTED_INCLUDE_IN_FRAMEWORK_HEADER = YES;
				CLANG_WARN_RANGE_LOOP_ANALYSIS = YES;
				CLANG_WARN_STRICT_PROTOTYPES = YES;
				CLANG_WARN_SUSPICIOUS_MOVE = YES;
				CLANG_WARN_UNGUARDED_AVAILABILITY = YES_AGGRESSIVE;
				CLANG_WARN_UNREACHABLE_CODE = YES;
				CLANG_WARN__DUPLICATE_METHOD_MATCH = YES;
				COPY_PHASE_STRIP = NO;
				DEBUG_INFORMATION_FORMAT = dwarf;
				ENABLE_STRICT_OBJC_MSGSEND = YES;
				ENABLE_TESTABILITY = YES;
				GCC_C_LANGUAGE_STANDARD = gnu11;
				GCC_DYNAMIC_NO_PIC = NO;
				GCC_NO_COMMON_BLOCKS = YES;
				GCC_OPTIMIZATION_LEVEL = 0;
				GCC_PREPROCESSOR_DEFINITIONS = (
					"DEBUG=1",
					"$(inherited)",
				);
				GCC_WARN_64_TO_32_BIT_CONVERSION = YES;
				GCC_WARN_ABOUT_RETURN_TYPE = YES_ERROR;
				GCC_WARN_UNDECLARED_SELECTOR = YES;
				GCC_WARN_UNINITIALIZED_AUTOS = YES_AGGRESSIVE;
				GCC_WARN_UNUSED_FUNCTION = YES;
				GCC_WARN_UNUSED_VARIABLE = YES;
				IPHONEOS_DEPLOYMENT_TARGET = 15.5;
				MTL_ENABLE_DEBUG_INFO = INCLUDE_SOURCE;
				MTL_FAST_MATH = YES;
				ONLY_ACTIVE_ARCH = YES;
				SDKROOT = iphoneos;
				SWIFT_ACTIVE_COMPILATION_CONDITIONS = DEBUG;
				SWIFT_OPTIMIZATION_LEVEL = "-Onone";
			};
			name = Debug;
		};
		69053609289074AC00F7806F /* Release */ = {
			isa = XCBuildConfiguration;
			buildSettings = {
				ALWAYS_SEARCH_USER_PATHS = NO;
				CLANG_ANALYZER_NONNULL = YES;
				CLANG_ANALYZER_NUMBER_OBJECT_CONVERSION = YES_AGGRESSIVE;
				CLANG_CXX_LANGUAGE_STANDARD = "gnu++17";
				CLANG_ENABLE_MODULES = YES;
				CLANG_ENABLE_OBJC_ARC = YES;
				CLANG_ENABLE_OBJC_WEAK = YES;
				CLANG_WARN_BLOCK_CAPTURE_AUTORELEASING = YES;
				CLANG_WARN_BOOL_CONVERSION = YES;
				CLANG_WARN_COMMA = YES;
				CLANG_WARN_CONSTANT_CONVERSION = YES;
				CLANG_WARN_DEPRECATED_OBJC_IMPLEMENTATIONS = YES;
				CLANG_WARN_DIRECT_OBJC_ISA_USAGE = YES_ERROR;
				CLANG_WARN_DOCUMENTATION_COMMENTS = YES;
				CLANG_WARN_EMPTY_BODY = YES;
				CLANG_WARN_ENUM_CONVERSION = YES;
				CLANG_WARN_INFINITE_RECURSION = YES;
				CLANG_WARN_INT_CONVERSION = YES;
				CLANG_WARN_NON_LITERAL_NULL_CONVERSION = YES;
				CLANG_WARN_OBJC_IMPLICIT_RETAIN_SELF = YES;
				CLANG_WARN_OBJC_LITERAL_CONVERSION = YES;
				CLANG_WARN_OBJC_ROOT_CLASS = YES_ERROR;
				CLANG_WARN_QUOTED_INCLUDE_IN_FRAMEWORK_HEADER = YES;
				CLANG_WARN_RANGE_LOOP_ANALYSIS = YES;
				CLANG_WARN_STRICT_PROTOTYPES = YES;
				CLANG_WARN_SUSPICIOUS_MOVE = YES;
				CLANG_WARN_UNGUARDED_AVAILABILITY = YES_AGGRESSIVE;
				CLANG_WARN_UNREACHABLE_CODE = YES;
				CLANG_WARN__DUPLICATE_METHOD_MATCH = YES;
				COPY_PHASE_STRIP = NO;
				DEBUG_INFORMATION_FORMAT = "dwarf-with-dsym";
				ENABLE_NS_ASSERTIONS = NO;
				ENABLE_STRICT_OBJC_MSGSEND = YES;
				GCC_C_LANGUAGE_STANDARD = gnu11;
				GCC_NO_COMMON_BLOCKS = YES;
				GCC_WARN_64_TO_32_BIT_CONVERSION = YES;
				GCC_WARN_ABOUT_RETURN_TYPE = YES_ERROR;
				GCC_WARN_UNDECLARED_SELECTOR = YES;
				GCC_WARN_UNINITIALIZED_AUTOS = YES_AGGRESSIVE;
				GCC_WARN_UNUSED_FUNCTION = YES;
				GCC_WARN_UNUSED_VARIABLE = YES;
				IPHONEOS_DEPLOYMENT_TARGET = 15.5;
				MTL_ENABLE_DEBUG_INFO = NO;
				MTL_FAST_MATH = YES;
				SDKROOT = iphoneos;
				SWIFT_COMPILATION_MODE = wholemodule;
				SWIFT_OPTIMIZATION_LEVEL = "-O";
				VALIDATE_PRODUCT = YES;
			};
			name = Release;
		};
		6905360B289074AC00F7806F /* Debug */ = {
			isa = XCBuildConfiguration;
			buildSettings = {
				ASSETCATALOG_COMPILER_APPICON_NAME = AppIcon;
				ASSETCATALOG_COMPILER_GLOBAL_ACCENT_COLOR_NAME = AccentColor;
				CODE_SIGN_ENTITLEMENTS = MeshVisualizer.entitlements;
				CODE_SIGN_STYLE = Automatic;
				CURRENT_PROJECT_VERSION = 1;
				DEVELOPMENT_ASSET_PATHS = "\"MeshVisualizer/Preview Content\"";
				DEVELOPMENT_TEAM = 2D968VQN25;
				ENABLE_PREVIEWS = YES;
				GENERATE_INFOPLIST_FILE = YES;
				INFOPLIST_KEY_UIApplicationSceneManifest_Generation = YES;
				INFOPLIST_KEY_UIApplicationSupportsIndirectInputEvents = YES;
				INFOPLIST_KEY_UILaunchScreen_Generation = YES;
				INFOPLIST_KEY_UISupportedInterfaceOrientations = "UIInterfaceOrientationLandscapeLeft UIInterfaceOrientationLandscapeRight";
				INFOPLIST_KEY_UISupportedInterfaceOrientations_iPad = "UIInterfaceOrientationPortrait UIInterfaceOrientationPortraitUpsideDown UIInterfaceOrientationLandscapeLeft UIInterfaceOrientationLandscapeRight";
				INFOPLIST_KEY_UISupportedInterfaceOrientations_iPhone = "UIInterfaceOrientationPortrait UIInterfaceOrientationLandscapeLeft UIInterfaceOrientationLandscapeRight";
				LD_RUNPATH_SEARCH_PATHS = (
					"$(inherited)",
					"@executable_path/Frameworks",
				);
				MARKETING_VERSION = 1.0;
				PRODUCT_BUNDLE_IDENTIFIER = com.glitchees.MeshVisualizer;
				PRODUCT_NAME = MeshVisualizer;
				SUPPORTS_MACCATALYST = YES;
				SWIFT_EMIT_LOC_STRINGS = YES;
				SWIFT_OBJC_BRIDGING_HEADER = MeshVisualizer/Include/def.h;
				SWIFT_VERSION = 5.0;
				TARGETED_DEVICE_FAMILY = "1,2,6";
			};
			name = Debug;
		};
		6905360C289074AC00F7806F /* Release */ = {
			isa = XCBuildConfiguration;
			buildSettings = {
				ASSETCATALOG_COMPILER_APPICON_NAME = AppIcon;
				ASSETCATALOG_COMPILER_GLOBAL_ACCENT_COLOR_NAME = AccentColor;
				CODE_SIGN_ENTITLEMENTS = MeshVisualizer.entitlements;
				CODE_SIGN_STYLE = Automatic;
				CURRENT_PROJECT_VERSION = 1;
				DEVELOPMENT_ASSET_PATHS = "\"MeshVisualizer/Preview Content\"";
				DEVELOPMENT_TEAM = 2D968VQN25;
				ENABLE_PREVIEWS = YES;
				GENERATE_INFOPLIST_FILE = YES;
				INFOPLIST_KEY_UIApplicationSceneManifest_Generation = YES;
				INFOPLIST_KEY_UIApplicationSupportsIndirectInputEvents = YES;
				INFOPLIST_KEY_UILaunchScreen_Generation = YES;
				INFOPLIST_KEY_UISupportedInterfaceOrientations = "UIInterfaceOrientationLandscapeLeft UIInterfaceOrientationLandscapeRight";
				INFOPLIST_KEY_UISupportedInterfaceOrientations_iPad = "UIInterfaceOrientationPortrait UIInterfaceOrientationPortraitUpsideDown UIInterfaceOrientationLandscapeLeft UIInterfaceOrientationLandscapeRight";
				INFOPLIST_KEY_UISupportedInterfaceOrientations_iPhone = "UIInterfaceOrientationPortrait UIInterfaceOrientationLandscapeLeft UIInterfaceOrientationLandscapeRight";
				LD_RUNPATH_SEARCH_PATHS = (
					"$(inherited)",
					"@executable_path/Frameworks",
				);
				MARKETING_VERSION = 1.0;
				PRODUCT_BUNDLE_IDENTIFIER = com.glitchees.MeshVisualizer;
				PRODUCT_NAME = MeshVisualizer;
				SUPPORTS_MACCATALYST = YES;
				SWIFT_EMIT_LOC_STRINGS = YES;
				SWIFT_OBJC_BRIDGING_HEADER = MeshVisualizer/Include/def.h;
				SWIFT_VERSION = 5.0;
				TARGETED_DEVICE_FAMILY = "1,2,6";
			};
			name = Release;
		};
/* End XCBuildConfiguration section */

/* Begin XCConfigurationList section */
		690535F7289074AA00F7806F /* Build configuration list for PBXProject "MeshVisualizer" */ = {
			isa = XCConfigurationList;
			buildConfigurations = (
				69053608289074AC00F7806F /* Debug */,
				69053609289074AC00F7806F /* Release */,
			);
			defaultConfigurationIsVisible = 0;
			defaultConfigurationName = Release;
		};
		6905360A289074AC00F7806F /* Build configuration list for PBXNativeTarget "MeshVisualizer" */ = {
			isa = XCConfigurationList;
			buildConfigurations = (
				6905360B289074AC00F7806F /* Debug */,
				6905360C289074AC00F7806F /* Release */,
			);
			defaultConfigurationIsVisible = 0;
			defaultConfigurationName = Release;
		};
/* End XCConfigurationList section */
	};
	rootObject = 690535F4289074AA00F7806F /* Project object */;
}
